
Microsoft Visual Studio Solution File, Format Version 12.00
# Visual Studio 15
VisualStudioVersion = 15.0.28010.2019
MinimumVisualStudioVersion = 10.0.40219.1
Project("{FAE04EC0-301F-11D3-BF4B-00C04F79EFBC}") = "WBE_NthFibonacci", "WBE_NthFibonacci\WBE_NthFibonacci.csproj", "{F8C65BE8-B37A-48CD-8EA7-B335273B0B52}"
EndProject
Global
	GlobalSection(SolutionConfigurationPlatforms) = preSolution
		Debug|Any CPU = Debug|Any CPU
		Release|Any CPU = Release|Any CPU
	EndGlobalSection
	GlobalSection(ProjectConfigurationPlatforms) = postSolution
		{F8C65BE8-B37A-48CD-8EA7-B335273B0B52}.Debug|Any CPU.ActiveCfg = Debug|Any CPU
		{F8C65BE8-B37A-48CD-8EA7-B335273B0B52}.Debug|Any CPU.Build.0 = Debug|Any CPU
		{F8C65BE8-B37A-48CD-8EA7-B335273B0B52}.Release|Any CPU.ActiveCfg = Release|Any CPU
		{F8C65BE8-B37A-48CD-8EA7-B335273B0B52}.Release|Any CPU.Build.0 = Release|Any CPU
	EndGlobalSection
	GlobalSection(SolutionProperties) = preSolution
		HideSolutionNode = FALSE
	EndGlobalSection
	GlobalSection(ExtensibilityGlobals) = postSolution
		SolutionGuid = {E9F64FBD-35E9-4918-BB2A-1E41C84FE18F}
	EndGlobalSection
EndGlobal
